
Microsoft Visual Studio Solution File, Format Version 12.00
# Visual Studio Version 17
VisualStudioVersion = 17.4.33122.133
MinimumVisualStudioVersion = 10.0.40219.1
Project("{9A19103F-16F7-4668-BE54-9A1E7A4F7556}") = "GraphApp", "GraphApp\GraphApp.csproj", "{B5277091-7736-45DD-B000-7E175412303B}"
EndProject
Project("{9A19103F-16F7-4668-BE54-9A1E7A4F7556}") = "GraphConnectivity", "GraphConnectivity\GraphConnectivity.csproj", "{517E681E-6F96-49D8-BFE1-986E278DA4E2}"
EndProject
Project("{FAE04EC0-301F-11D3-BF4B-00C04F79EFBC}") = "GraphBridgesAndHinges", "GraphBridgesAndHinges\GraphBridgesAndHinges.csproj", "{6BA868F8-961F-4671-8C0D-EB414BF3AAAF}"
	ProjectSection(ProjectDependencies) = postProject
		{B5277091-7736-45DD-B000-7E175412303B} = {B5277091-7736-45DD-B000-7E175412303B}
	EndProjectSection
EndProject
Global
	GlobalSection(SolutionConfigurationPlatforms) = preSolution
		Debug|Any CPU = Debug|Any CPU
		Release|Any CPU = Release|Any CPU
	EndGlobalSection
	GlobalSection(ProjectConfigurationPlatforms) = postSolution
		{B5277091-7736-45DD-B000-7E175412303B}.Debug|Any CPU.ActiveCfg = Debug|Any CPU
		{B5277091-7736-45DD-B000-7E175412303B}.Debug|Any CPU.Build.0 = Debug|Any CPU
		{B5277091-7736-45DD-B000-7E175412303B}.Release|Any CPU.ActiveCfg = Release|Any CPU
		{B5277091-7736-45DD-B000-7E175412303B}.Release|Any CPU.Build.0 = Release|Any CPU
		{517E681E-6F96-49D8-BFE1-986E278DA4E2}.Debug|Any CPU.ActiveCfg = Debug|Any CPU
		{517E681E-6F96-49D8-BFE1-986E278DA4E2}.Debug|Any CPU.Build.0 = Debug|Any CPU
		{517E681E-6F96-49D8-BFE1-986E278DA4E2}.Release|Any CPU.ActiveCfg = Release|Any CPU
		{517E681E-6F96-49D8-BFE1-986E278DA4E2}.Release|Any CPU.Build.0 = Release|Any CPU
		{6BA868F8-961F-4671-8C0D-EB414BF3AAAF}.Debug|Any CPU.ActiveCfg = Debug|Any CPU
		{6BA868F8-961F-4671-8C0D-EB414BF3AAAF}.Debug|Any CPU.Build.0 = Debug|Any CPU
		{6BA868F8-961F-4671-8C0D-EB414BF3AAAF}.Release|Any CPU.ActiveCfg = Release|Any CPU
		{6BA868F8-961F-4671-8C0D-EB414BF3AAAF}.Release|Any CPU.Build.0 = Release|Any CPU
	EndGlobalSection
	GlobalSection(SolutionProperties) = preSolution
		HideSolutionNode = FALSE
	EndGlobalSection
	GlobalSection(ExtensibilityGlobals) = postSolution
		SolutionGuid = {D1E36D40-0B14-4A88-B564-B48E94231B05}
	EndGlobalSection
EndGlobal
