
Microsoft Visual Studio Solution File, Format Version 12.00
# Visual Studio Version 17
VisualStudioVersion = 17.4.33122.133
MinimumVisualStudioVersion = 10.0.40219.1
Project("{9A19103F-16F7-4668-BE54-9A1E7A4F7556}") = "GraphApp", "GraphApp\GraphApp.csproj", "{B5277091-7736-45DD-B000-7E175412303B}"
EndProject
Project("{9A19103F-16F7-4668-BE54-9A1E7A4F7556}") = "GraphConnectivity", "GraphConnectivity\GraphConnectivity.csproj", "{517E681E-6F96-49D8-BFE1-986E278DA4E2}"
EndProject
Project("{9A19103F-16F7-4668-BE54-9A1E7A4F7556}") = "GraphBridgesAndHinges", "GraphBridgesAndHinges\GraphBridgesAndHinges.csproj", "{6BA868F8-961F-4671-8C0D-EB414BF3AAAF}"
	ProjectSection(ProjectDependencies) = postProject
		{B5277091-7736-45DD-B000-7E175412303B} = {B5277091-7736-45DD-B000-7E175412303B}
	EndProjectSection
EndProject
Project("{9A19103F-16F7-4668-BE54-9A1E7A4F7556}") = "GraphShortestWays", "GraphShortestWays\GraphShortestWays.csproj", "{525E09C9-D1C0-4409-AE37-FC744090B16B}"
EndProject
Project("{9A19103F-16F7-4668-BE54-9A1E7A4F7556}") = "GraphMaxFlow", "GraphMaxFlow\GraphMaxFlow.csproj", "{540F93F3-3137-451E-8725-693FF0990B38}"
EndProject
Project("{9A19103F-16F7-4668-BE54-9A1E7A4F7556}") = "SpanningTree", "SpanningTree\SpanningTree.csproj", "{9A55F1D6-179E-4FF7-B2B6-6CB0DA75D910}"
EndProject
Project("{9A19103F-16F7-4668-BE54-9A1E7A4F7556}") = "MapShortestWays", "MapShortestWays\MapShortestWays.csproj", "{46473EE4-C73F-46FE-B014-9AB9C9C153B8}"
EndProject
Project("{FAE04EC0-301F-11D3-BF4B-00C04F79EFBC}") = "DistanceFromGivenVertex", "DistanceFromGivenVertex\DistanceFromGivenVertex.csproj", "{26788D8C-A649-47DE-A762-89732D22E60F}"
EndProject
Global
	GlobalSection(SolutionConfigurationPlatforms) = preSolution
		Debug|Any CPU = Debug|Any CPU
		Release|Any CPU = Release|Any CPU
	EndGlobalSection
	GlobalSection(ProjectConfigurationPlatforms) = postSolution
		{B5277091-7736-45DD-B000-7E175412303B}.Debug|Any CPU.ActiveCfg = Debug|Any CPU
		{B5277091-7736-45DD-B000-7E175412303B}.Debug|Any CPU.Build.0 = Debug|Any CPU
		{B5277091-7736-45DD-B000-7E175412303B}.Release|Any CPU.ActiveCfg = Release|Any CPU
		{B5277091-7736-45DD-B000-7E175412303B}.Release|Any CPU.Build.0 = Release|Any CPU
		{517E681E-6F96-49D8-BFE1-986E278DA4E2}.Debug|Any CPU.ActiveCfg = Debug|Any CPU
		{517E681E-6F96-49D8-BFE1-986E278DA4E2}.Debug|Any CPU.Build.0 = Debug|Any CPU
		{517E681E-6F96-49D8-BFE1-986E278DA4E2}.Release|Any CPU.ActiveCfg = Release|Any CPU
		{517E681E-6F96-49D8-BFE1-986E278DA4E2}.Release|Any CPU.Build.0 = Release|Any CPU
		{6BA868F8-961F-4671-8C0D-EB414BF3AAAF}.Debug|Any CPU.ActiveCfg = Debug|Any CPU
		{6BA868F8-961F-4671-8C0D-EB414BF3AAAF}.Debug|Any CPU.Build.0 = Debug|Any CPU
		{6BA868F8-961F-4671-8C0D-EB414BF3AAAF}.Release|Any CPU.ActiveCfg = Release|Any CPU
		{6BA868F8-961F-4671-8C0D-EB414BF3AAAF}.Release|Any CPU.Build.0 = Release|Any CPU
		{525E09C9-D1C0-4409-AE37-FC744090B16B}.Debug|Any CPU.ActiveCfg = Debug|Any CPU
		{525E09C9-D1C0-4409-AE37-FC744090B16B}.Debug|Any CPU.Build.0 = Debug|Any CPU
		{525E09C9-D1C0-4409-AE37-FC744090B16B}.Release|Any CPU.ActiveCfg = Release|Any CPU
		{525E09C9-D1C0-4409-AE37-FC744090B16B}.Release|Any CPU.Build.0 = Release|Any CPU
		{540F93F3-3137-451E-8725-693FF0990B38}.Debug|Any CPU.ActiveCfg = Debug|Any CPU
		{540F93F3-3137-451E-8725-693FF0990B38}.Debug|Any CPU.Build.0 = Debug|Any CPU
		{540F93F3-3137-451E-8725-693FF0990B38}.Release|Any CPU.ActiveCfg = Release|Any CPU
		{540F93F3-3137-451E-8725-693FF0990B38}.Release|Any CPU.Build.0 = Release|Any CPU
		{9A55F1D6-179E-4FF7-B2B6-6CB0DA75D910}.Debug|Any CPU.ActiveCfg = Debug|Any CPU
		{9A55F1D6-179E-4FF7-B2B6-6CB0DA75D910}.Debug|Any CPU.Build.0 = Debug|Any CPU
		{9A55F1D6-179E-4FF7-B2B6-6CB0DA75D910}.Release|Any CPU.ActiveCfg = Release|Any CPU
		{9A55F1D6-179E-4FF7-B2B6-6CB0DA75D910}.Release|Any CPU.Build.0 = Release|Any CPU
		{46473EE4-C73F-46FE-B014-9AB9C9C153B8}.Debug|Any CPU.ActiveCfg = Debug|Any CPU
		{46473EE4-C73F-46FE-B014-9AB9C9C153B8}.Debug|Any CPU.Build.0 = Debug|Any CPU
		{46473EE4-C73F-46FE-B014-9AB9C9C153B8}.Release|Any CPU.ActiveCfg = Release|Any CPU
		{46473EE4-C73F-46FE-B014-9AB9C9C153B8}.Release|Any CPU.Build.0 = Release|Any CPU
		{26788D8C-A649-47DE-A762-89732D22E60F}.Debug|Any CPU.ActiveCfg = Debug|Any CPU
		{26788D8C-A649-47DE-A762-89732D22E60F}.Debug|Any CPU.Build.0 = Debug|Any CPU
		{26788D8C-A649-47DE-A762-89732D22E60F}.Release|Any CPU.ActiveCfg = Release|Any CPU
		{26788D8C-A649-47DE-A762-89732D22E60F}.Release|Any CPU.Build.0 = Release|Any CPU
	EndGlobalSection
	GlobalSection(SolutionProperties) = preSolution
		HideSolutionNode = FALSE
	EndGlobalSection
	GlobalSection(ExtensibilityGlobals) = postSolution
		SolutionGuid = {D1E36D40-0B14-4A88-B564-B48E94231B05}
	EndGlobalSection
EndGlobal
